
Microsoft Visual Studio Solution File, Format Version 12.00
# Visual Studio Version 17
VisualStudioVersion = 17.8.34408.163
MinimumVisualStudioVersion = 10.0.40219.1
Project("{9A19103F-16F7-4668-BE54-9A1E7A4F7556}") = "LivePlay.Server.WebApi", "ServerPlatform\LivePlay.WebApi\LivePlay.Server.WebApi.csproj", "{14B6DE52-92E1-45FA-A6CE-FB0906F7D355}"
EndProject
Project("{2150E333-8FDC-42A3-9474-1A3956D46DE8}") = "ServerPlatform", "ServerPlatform", "{1FF6450C-2427-49CC-8F5B-6813548F32A6}"
EndProject
Project("{9A19103F-16F7-4668-BE54-9A1E7A4F7556}") = "LivePlay.Server.Application", "ServerPlatform\LivePlay.Application\LivePlay.Server.Application.csproj", "{50C90B7C-359A-42DC-9ED0-7815DE743B55}"
EndProject
Project("{9A19103F-16F7-4668-BE54-9A1E7A4F7556}") = "LivePlay.Server.Core", "ServerPlatform\LivePlay.Core\LivePlay.Server.Core.csproj", "{62FF4C3D-BECC-481D-85A4-5677CECBFE07}"
EndProject
Project("{9A19103F-16F7-4668-BE54-9A1E7A4F7556}") = "LivePlay.Server.Infrastructure", "ServerPlatform\LivePlay.Infrastructure\LivePlay.Server.Infrastructure.csproj", "{CE394DEA-C238-47E7-8A27-D97C3BFA39B9}"
EndProject
Project("{9A19103F-16F7-4668-BE54-9A1E7A4F7556}") = "LivePlay.Server.Persistence", "ServerPlatform\LivePlay.Persistence\LivePlay.Server.Persistence.csproj", "{B6130263-C43A-4BE0-9E85-862D969E62B1}"
EndProject
Global
	GlobalSection(SolutionConfigurationPlatforms) = preSolution
		Debug|Any CPU = Debug|Any CPU
		Release|Any CPU = Release|Any CPU
	EndGlobalSection
	GlobalSection(ProjectConfigurationPlatforms) = postSolution
		{14B6DE52-92E1-45FA-A6CE-FB0906F7D355}.Debug|Any CPU.ActiveCfg = Debug|Any CPU
		{14B6DE52-92E1-45FA-A6CE-FB0906F7D355}.Debug|Any CPU.Build.0 = Debug|Any CPU
		{14B6DE52-92E1-45FA-A6CE-FB0906F7D355}.Release|Any CPU.ActiveCfg = Release|Any CPU
		{14B6DE52-92E1-45FA-A6CE-FB0906F7D355}.Release|Any CPU.Build.0 = Release|Any CPU
		{50C90B7C-359A-42DC-9ED0-7815DE743B55}.Debug|Any CPU.ActiveCfg = Debug|Any CPU
		{50C90B7C-359A-42DC-9ED0-7815DE743B55}.Debug|Any CPU.Build.0 = Debug|Any CPU
		{50C90B7C-359A-42DC-9ED0-7815DE743B55}.Release|Any CPU.ActiveCfg = Release|Any CPU
		{50C90B7C-359A-42DC-9ED0-7815DE743B55}.Release|Any CPU.Build.0 = Release|Any CPU
		{62FF4C3D-BECC-481D-85A4-5677CECBFE07}.Debug|Any CPU.ActiveCfg = Debug|Any CPU
		{62FF4C3D-BECC-481D-85A4-5677CECBFE07}.Debug|Any CPU.Build.0 = Debug|Any CPU
		{62FF4C3D-BECC-481D-85A4-5677CECBFE07}.Release|Any CPU.ActiveCfg = Release|Any CPU
		{62FF4C3D-BECC-481D-85A4-5677CECBFE07}.Release|Any CPU.Build.0 = Release|Any CPU
		{CE394DEA-C238-47E7-8A27-D97C3BFA39B9}.Debug|Any CPU.ActiveCfg = Debug|Any CPU
		{CE394DEA-C238-47E7-8A27-D97C3BFA39B9}.Debug|Any CPU.Build.0 = Debug|Any CPU
		{CE394DEA-C238-47E7-8A27-D97C3BFA39B9}.Release|Any CPU.ActiveCfg = Release|Any CPU
		{CE394DEA-C238-47E7-8A27-D97C3BFA39B9}.Release|Any CPU.Build.0 = Release|Any CPU
		{B6130263-C43A-4BE0-9E85-862D969E62B1}.Debug|Any CPU.ActiveCfg = Debug|Any CPU
		{B6130263-C43A-4BE0-9E85-862D969E62B1}.Debug|Any CPU.Build.0 = Debug|Any CPU
		{B6130263-C43A-4BE0-9E85-862D969E62B1}.Release|Any CPU.ActiveCfg = Release|Any CPU
		{B6130263-C43A-4BE0-9E85-862D969E62B1}.Release|Any CPU.Build.0 = Release|Any CPU
	EndGlobalSection
	GlobalSection(SolutionProperties) = preSolution
		HideSolutionNode = FALSE
	EndGlobalSection
	GlobalSection(NestedProjects) = preSolution
		{14B6DE52-92E1-45FA-A6CE-FB0906F7D355} = {1FF6450C-2427-49CC-8F5B-6813548F32A6}
		{50C90B7C-359A-42DC-9ED0-7815DE743B55} = {1FF6450C-2427-49CC-8F5B-6813548F32A6}
		{62FF4C3D-BECC-481D-85A4-5677CECBFE07} = {1FF6450C-2427-49CC-8F5B-6813548F32A6}
		{CE394DEA-C238-47E7-8A27-D97C3BFA39B9} = {1FF6450C-2427-49CC-8F5B-6813548F32A6}
		{B6130263-C43A-4BE0-9E85-862D969E62B1} = {1FF6450C-2427-49CC-8F5B-6813548F32A6}
	EndGlobalSection
	GlobalSection(ExtensibilityGlobals) = postSolution
		SolutionGuid = {02877613-9098-4C1C-BD36-E4F8642157BD}
	EndGlobalSection
EndGlobal
